
Microsoft Visual Studio Solution File, Format Version 12.00
# Visual Studio Version 17
VisualStudioVersion = 17.5.33530.505
MinimumVisualStudioVersion = 10.0.40219.1
Project("{FAE04EC0-301F-11D3-BF4B-00C04F79EFBC}") = "API_Fetch", "API_Fetch.csproj", "{2CF924E3-069F-47C1-A998-CB91C66475EB}"
EndProject
Global
	GlobalSection(SolutionConfigurationPlatforms) = preSolution
		Debug|Any CPU = Debug|Any CPU
		Release|Any CPU = Release|Any CPU
	EndGlobalSection
	GlobalSection(ProjectConfigurationPlatforms) = postSolution
		{2CF924E3-069F-47C1-A998-CB91C66475EB}.Debug|Any CPU.ActiveCfg = Debug|Any CPU
		{2CF924E3-069F-47C1-A998-CB91C66475EB}.Debug|Any CPU.Build.0 = Debug|Any CPU
		{2CF924E3-069F-47C1-A998-CB91C66475EB}.Release|Any CPU.ActiveCfg = Release|Any CPU
		{2CF924E3-069F-47C1-A998-CB91C66475EB}.Release|Any CPU.Build.0 = Release|Any CPU
	EndGlobalSection
	GlobalSection(SolutionProperties) = preSolution
		HideSolutionNode = FALSE
	EndGlobalSection
	GlobalSection(ExtensibilityGlobals) = postSolution
		SolutionGuid = {824FDA37-9671-4325-8E62-635778AC0A58}
	EndGlobalSection
EndGlobal
